
Microsoft Visual Studio Solution File, Format Version 12.00
# Visual Studio Version 16
VisualStudioVersion = 16.0.33423.256
MinimumVisualStudioVersion = 10.0.40219.1
Project("{FAE04EC0-301F-11D3-BF4B-00C04F79EFBC}") = "TestAssignment", "TestAssignment\TestAssignment.csproj", "{3ECBDF38-C5F4-40C4-ADC7-37CEEF0610BA}"
EndProject
Global
	GlobalSection(SolutionConfigurationPlatforms) = preSolution
		Debug|Any CPU = Debug|Any CPU
		Release|Any CPU = Release|Any CPU
	EndGlobalSection
	GlobalSection(ProjectConfigurationPlatforms) = postSolution
		{3ECBDF38-C5F4-40C4-ADC7-37CEEF0610BA}.Debug|Any CPU.ActiveCfg = Debug|Any CPU
		{3ECBDF38-C5F4-40C4-ADC7-37CEEF0610BA}.Debug|Any CPU.Build.0 = Debug|Any CPU
		{3ECBDF38-C5F4-40C4-ADC7-37CEEF0610BA}.Release|Any CPU.ActiveCfg = Release|Any CPU
		{3ECBDF38-C5F4-40C4-ADC7-37CEEF0610BA}.Release|Any CPU.Build.0 = Release|Any CPU
	EndGlobalSection
	GlobalSection(SolutionProperties) = preSolution
		HideSolutionNode = FALSE
	EndGlobalSection
	GlobalSection(ExtensibilityGlobals) = postSolution
		SolutionGuid = {3E32D3BF-8D7E-4FEC-87C6-0650CF1D30ED}
	EndGlobalSection
EndGlobal
